PODS:
  - CSStickyHeaderFlowLayout (0.2.9)
  - IQKeyboardManager (3.3.0)

DEPENDENCIES:
  - CSStickyHeaderFlowLayout
  - IQKeyboardManager

SPEC CHECKSUMS:
  CSStickyHeaderFlowLayout: ece83dad3a1528af8b5a25bda3aa12536624ac65
  IQKeyboardManager: c87b6600cbfca89d1fe6e8052d936e6c20f65375

COCOAPODS: 0.38.2
